
Microsoft Visual Studio Solution File, Format Version 12.00
# Visual Studio Version 17
VisualStudioVersion = 17.10.35004.147
MinimumVisualStudioVersion = 10.0.40219.1
Project("{FAE04EC0-301F-11D3-BF4B-00C04F79EFBC}") = "Capstone --- Vescio Pia Francesca (BE)", "Capstone --- Vescio Pia Francesca (BE).csproj", "{A9E95B8C-43FD-4089-BEAF-60E08664FBDA}"
EndProject
Global
	GlobalSection(SolutionConfigurationPlatforms) = preSolution
		Debug|Any CPU = Debug|Any CPU
		Release|Any CPU = Release|Any CPU
	EndGlobalSection
	GlobalSection(ProjectConfigurationPlatforms) = postSolution
		{A9E95B8C-43FD-4089-BEAF-60E08664FBDA}.Debug|Any CPU.ActiveCfg = Debug|Any CPU
		{A9E95B8C-43FD-4089-BEAF-60E08664FBDA}.Debug|Any CPU.Build.0 = Debug|Any CPU
		{A9E95B8C-43FD-4089-BEAF-60E08664FBDA}.Release|Any CPU.ActiveCfg = Release|Any CPU
		{A9E95B8C-43FD-4089-BEAF-60E08664FBDA}.Release|Any CPU.Build.0 = Release|Any CPU
	EndGlobalSection
	GlobalSection(SolutionProperties) = preSolution
		HideSolutionNode = FALSE
	EndGlobalSection
	GlobalSection(ExtensibilityGlobals) = postSolution
		SolutionGuid = {FC6A98C2-F206-415D-95A5-578A9FE5AC56}
	EndGlobalSection
EndGlobal
